
Microsoft Visual Studio Solution File, Format Version 12.00
# Visual Studio Version 16
VisualStudioVersion = 16.0.30104.148
MinimumVisualStudioVersion = 10.0.40219.1
Project("{8BC9CEB8-8B4A-11D0-8D11-00A0C91BC942}") = "Fractal", "Fractal.vcxproj", "{B5CD32DB-C81F-4EBE-A13D-B19F2727C56C}"
EndProject
Global
	GlobalSection(SolutionConfigurationPlatforms) = preSolution
		Debug|x64 = Debug|x64
		Debug|x86 = Debug|x86
		Release|x64 = Release|x64
		Release|x86 = Release|x86
	EndGlobalSection
	GlobalSection(ProjectConfigurationPlatforms) = postSolution
		{B5CD32DB-C81F-4EBE-A13D-B19F2727C56C}.Debug|x64.ActiveCfg = Debug|x64
		{B5CD32DB-C81F-4EBE-A13D-B19F2727C56C}.Debug|x64.Build.0 = Debug|x64
		{B5CD32DB-C81F-4EBE-A13D-B19F2727C56C}.Debug|x86.ActiveCfg = Debug|Win32
		{B5CD32DB-C81F-4EBE-A13D-B19F2727C56C}.Debug|x86.Build.0 = Debug|Win32
		{B5CD32DB-C81F-4EBE-A13D-B19F2727C56C}.Release|x64.ActiveCfg = Release|x64
		{B5CD32DB-C81F-4EBE-A13D-B19F2727C56C}.Release|x64.Build.0 = Release|x64
		{B5CD32DB-C81F-4EBE-A13D-B19F2727C56C}.Release|x86.ActiveCfg = Release|Win32
		{B5CD32DB-C81F-4EBE-A13D-B19F2727C56C}.Release|x86.Build.0 = Release|Win32
	EndGlobalSection
	GlobalSection(SolutionProperties) = preSolution
		HideSolutionNode = FALSE
	EndGlobalSection
	GlobalSection(ExtensibilityGlobals) = postSolution
		SolutionGuid = {EBD387F8-D037-412C-953A-ED6041EC1CC6}
	EndGlobalSection
EndGlobal
